<?xml version="1.0" encoding="utf-8"?>
<Project ToolsVersion="4.0" xmlns="http://schemas.microsoft.com/developer/msbuild/2003">
  <ItemGroup>
    <ClCompile Include="src\ofApp.cpp">
      <Filter>src</Filter>
    </ClCompile>
    <ClCompile Include="src\main.cpp">
      <Filter>src</Filter>
    </ClCompile>
    <ClCompile Include="src\config\Config.cpp">
      <Filter>src\config</Filter>
    </ClCompile>
    <ClCompile Include="src\tracker\KinectTracker.cpp">
      <Filter>src\tracker</Filter>
    </ClCompile>
    <ClCompile Include="src\tracker\Tracker.cpp">
      <Filter>src\tracker</Filter>
    </ClCompile>
    <ClCompile Include="..\..\..\addons\ofxDatGui\src\ofxDatGui.cpp">
      <Filter>addons\ofxDatGui\src</Filter>
    </ClCompile>
    <ClCompile Include="..\..\..\addons\ofxDatGui\src\core\ofxDatGuiComponent.cpp">
      <Filter>addons\ofxDatGui\src\core</Filter>
    </ClCompile>
    <ClCompile Include="..\..\..\addons\ofxDatGui\src\libs\ofxSmartFont\ofxSmartFont.cpp">
      <Filter>addons\ofxDatGui\src\libs\ofxSmartFont</Filter>
    </ClCompile>
    <ClCompile Include="src\ui\screens\BaseScreen.cpp">
      <Filter>src\ui\screens</Filter>
    </ClCompile>
    <ClCompile Include="src\ui\screens\WaitScreen.cpp">
      <Filter>src\ui\screens</Filter>
    </ClCompile>
    <ClCompile Include="src\person\Person.cpp">
      <Filter>src\person</Filter>
    </ClCompile>
    <ClCompile Include="src\facedetector\faceplusplus\FacePlusPlusTypes.cpp">
      <Filter>src\facedetector\faceplusplus</Filter>
    </ClCompile>
    <ClCompile Include="..\..\..\addons\ofxJSON\src\ofxJSONElement.cpp">
      <Filter>addons\ofxJSON\src</Filter>
    </ClCompile>
    <ClCompile Include="..\..\..\addons\ofxJSON\libs\jsoncpp\src\jsoncpp.cpp">
      <Filter>addons\ofxJSON\libs\jsoncpp\src</Filter>
    </ClCompile>
    <ClCompile Include="src\tools\http\ofxHttpUtils.cpp">
      <Filter>src\tools\http</Filter>
    </ClCompile>
    <ClCompile Include="src\family\json\JsonFamilyParser.cpp">
      <Filter>src\family\json</Filter>
    </ClCompile>
    <ClCompile Include="src\facedetector\abstract\FaceDetector.cpp">
      <Filter>src\facedetector\abstract</Filter>
    </ClCompile>
    <ClCompile Include="src\facedetector\faceplusplus\FacePlusPlusDetector.cpp">
      <Filter>src\facedetector\faceplusplus</Filter>
    </ClCompile>
    <ClCompile Include="src\facedetector\faceplusplus\json\JsonParserFaceplusPlus.cpp">
      <Filter>src\facedetector\faceplusplus\json</Filter>
    </ClCompile>
    <ClCompile Include="src\facedetector\controller\FaceController.cpp">
      <Filter>src\facedetector\controller</Filter>
    </ClCompile>
    <ClCompile Include="src\tools\http\HttpService.cpp">
      <Filter>src\tools\http</Filter>
    </ClCompile>
    <ClCompile Include="src\family\FamilyBaseController.cpp">
      <Filter>src\family</Filter>
    </ClCompile>
    <ClCompile Include="src\family\FamilyBaseRequestHandler.cpp">
      <Filter>src\family</Filter>
    </ClCompile>
    <ClCompile Include="src\facedetector\faceplusplus\FacePlusPlusSearcher.cpp">
      <Filter>src\facedetector\faceplusplus</Filter>
    </ClCompile>
    <ClCompile Include="src\facedetector\abstract\FaceSearcher.cpp">
      <Filter>src\facedetector\abstract</Filter>
    </ClCompile>
    <ClCompile Include="src\ui\ScreenController.cpp">
      <Filter>src\ui</Filter>
    </ClCompile>
    <ClCompile Include="src\debugUI\TestFacePlusPlusInterfaceLayout.cpp">
      <Filter>src\debugUI</Filter>
    </ClCompile>
    <ClCompile Include="src\debugUI\TestInterfaceLayout.cpp">
      <Filter>src\debugUI</Filter>
    </ClCompile>
    <ClCompile Include="src\debugUI\TestKinectInterfaceLayout.cpp">
      <Filter>src\debugUI</Filter>
    </ClCompile>
    <ClCompile Include="src\debugUI\TestMainUIInterfaceLayout.cpp">
      <Filter>src\debugUI</Filter>
    </ClCompile>
    <ClCompile Include="..\..\..\addons\ofxKinectForWindows2\src\ofxKinectForWindows2\Device.cpp">
      <Filter>addons\ofxKinectForWindows2\src\ofxKinectForWindows2</Filter>
    </ClCompile>
    <ClCompile Include="..\..\..\addons\ofxKinectForWindows2\src\ofxKinectForWindows2\Utils.cpp">
      <Filter>addons\ofxKinectForWindows2\src\ofxKinectForWindows2</Filter>
    </ClCompile>
    <ClCompile Include="..\..\..\addons\ofxKinectForWindows2\src\ofxKinectForWindows2\Data\Body.cpp">
      <Filter>addons\ofxKinectForWindows2\src\ofxKinectForWindows2\Data</Filter>
    </ClCompile>
    <ClCompile Include="..\..\..\addons\ofxKinectForWindows2\src\ofxKinectForWindows2\Data\Joint.cpp">
      <Filter>addons\ofxKinectForWindows2\src\ofxKinectForWindows2\Data</Filter>
    </ClCompile>
    <ClCompile Include="..\..\..\addons\ofxKinectForWindows2\src\ofxKinectForWindows2\Source\BaseImage.cpp">
      <Filter>addons\ofxKinectForWindows2\src\ofxKinectForWindows2\Source</Filter>
    </ClCompile>
    <ClCompile Include="..\..\..\addons\ofxKinectForWindows2\src\ofxKinectForWindows2\Source\Body.cpp">
      <Filter>addons\ofxKinectForWindows2\src\ofxKinectForWindows2\Source</Filter>
    </ClCompile>
    <ClCompile Include="..\..\..\addons\ofxKinectForWindows2\src\ofxKinectForWindows2\Source\BodyIndex.cpp">
      <Filter>addons\ofxKinectForWindows2\src\ofxKinectForWindows2\Source</Filter>
    </ClCompile>
    <ClCompile Include="..\..\..\addons\ofxKinectForWindows2\src\ofxKinectForWindows2\Source\Color.cpp">
      <Filter>addons\ofxKinectForWindows2\src\ofxKinectForWindows2\Source</Filter>
    </ClCompile>
    <ClCompile Include="..\..\..\addons\ofxKinectForWindows2\src\ofxKinectForWindows2\Source\Depth.cpp">
      <Filter>addons\ofxKinectForWindows2\src\ofxKinectForWindows2\Source</Filter>
    </ClCompile>
    <ClCompile Include="..\..\..\addons\ofxKinectForWindows2\src\ofxKinectForWindows2\Source\Infrared.cpp">
      <Filter>addons\ofxKinectForWindows2\src\ofxKinectForWindows2\Source</Filter>
    </ClCompile>
    <ClCompile Include="..\..\..\addons\ofxKinectForWindows2\src\ofxKinectForWindows2\Source\LongExposureInfraRed.cpp">
      <Filter>addons\ofxKinectForWindows2\src\ofxKinectForWindows2\Source</Filter>
    </ClCompile>
    <ClCompile Include="..\..\..\addons\ofxIO-master\libs\brotli\src\common\dictionary.c">
      <Filter>addons\ofxIO-master\libs\brotli\src\common</Filter>
    </ClCompile>
    <ClCompile Include="..\..\..\addons\ofxIO-master\libs\brotli\src\dec\bit_reader.c">
      <Filter>addons\ofxIO-master\libs\brotli\src\dec</Filter>
    </ClCompile>
    <ClCompile Include="..\..\..\addons\ofxIO-master\libs\brotli\src\dec\decode.c">
      <Filter>addons\ofxIO-master\libs\brotli\src\dec</Filter>
    </ClCompile>
    <ClCompile Include="..\..\..\addons\ofxIO-master\libs\brotli\src\dec\huffman.c">
      <Filter>addons\ofxIO-master\libs\brotli\src\dec</Filter>
    </ClCompile>
    <ClCompile Include="..\..\..\addons\ofxIO-master\libs\brotli\src\dec\state.c">
      <Filter>addons\ofxIO-master\libs\brotli\src\dec</Filter>
    </ClCompile>
    <ClCompile Include="..\..\..\addons\ofxIO-master\libs\brotli\src\enc\backward_references.c">
      <Filter>addons\ofxIO-master\libs\brotli\src\enc</Filter>
    </ClCompile>
    <ClCompile Include="..\..\..\addons\ofxIO-master\libs\brotli\src\enc\bit_cost.c">
      <Filter>addons\ofxIO-master\libs\brotli\src\enc</Filter>
    </ClCompile>
    <ClCompile Include="..\..\..\addons\ofxIO-master\libs\brotli\src\enc\block_splitter.c">
      <Filter>addons\ofxIO-master\libs\brotli\src\enc</Filter>
    </ClCompile>
    <ClCompile Include="..\..\..\addons\ofxIO-master\libs\brotli\src\enc\brotli_bit_stream.c">
      <Filter>addons\ofxIO-master\libs\brotli\src\enc</Filter>
    </ClCompile>
    <ClCompile Include="..\..\..\addons\ofxIO-master\libs\brotli\src\enc\cluster.c">
      <Filter>addons\ofxIO-master\libs\brotli\src\enc</Filter>
    </ClCompile>
    <ClCompile Include="..\..\..\addons\ofxIO-master\libs\brotli\src\enc\compress_fragment.c">
      <Filter>addons\ofxIO-master\libs\brotli\src\enc</Filter>
    </ClCompile>
    <ClCompile Include="..\..\..\addons\ofxIO-master\libs\brotli\src\enc\compress_fragment_two_pass.c">
      <Filter>addons\ofxIO-master\libs\brotli\src\enc</Filter>
    </ClCompile>
    <ClCompile Include="..\..\..\addons\ofxIO-master\libs\brotli\src\enc\encode.c">
      <Filter>addons\ofxIO-master\libs\brotli\src\enc</Filter>
    </ClCompile>
    <ClCompile Include="..\..\..\addons\ofxIO-master\libs\brotli\src\enc\entropy_encode.c">
      <Filter>addons\ofxIO-master\libs\brotli\src\enc</Filter>
    </ClCompile>
    <ClCompile Include="..\..\..\addons\ofxIO-master\libs\brotli\src\enc\histogram.c">
      <Filter>addons\ofxIO-master\libs\brotli\src\enc</Filter>
    </ClCompile>
    <ClCompile Include="..\..\..\addons\ofxIO-master\libs\brotli\src\enc\literal_cost.c">
      <Filter>addons\ofxIO-master\libs\brotli\src\enc</Filter>
    </ClCompile>
    <ClCompile Include="..\..\..\addons\ofxIO-master\libs\brotli\src\enc\memory.c">
      <Filter>addons\ofxIO-master\libs\brotli\src\enc</Filter>
    </ClCompile>
    <ClCompile Include="..\..\..\addons\ofxIO-master\libs\brotli\src\enc\metablock.c">
      <Filter>addons\ofxIO-master\libs\brotli\src\enc</Filter>
    </ClCompile>
    <ClCompile Include="..\..\..\addons\ofxIO-master\libs\brotli\src\enc\static_dict.c">
      <Filter>addons\ofxIO-master\libs\brotli\src\enc</Filter>
    </ClCompile>
    <ClCompile Include="..\..\..\addons\ofxIO-master\libs\brotli\src\enc\utf8_util.c">
      <Filter>addons\ofxIO-master\libs\brotli\src\enc</Filter>
    </ClCompile>
    <ClCompile Include="..\..\..\addons\ofxIO-master\libs\brotli\src\enc\compressor.cc">
      <Filter>addons\ofxIO-master\libs\brotli\src\enc</Filter>
    </ClCompile>
    <ClCompile Include="..\..\..\addons\ofxIO-master\libs\brotli\src\enc\encode_parallel.cc">
      <Filter>addons\ofxIO-master\libs\brotli\src\enc</Filter>
    </ClCompile>
    <ClCompile Include="..\..\..\addons\ofxIO-master\libs\brotli\src\enc\streams.cc">
      <Filter>addons\ofxIO-master\libs\brotli\src\enc</Filter>
    </ClCompile>
    <ClCompile Include="..\..\..\addons\ofxIO-master\libs\lz4\src\lz4.c">
      <Filter>addons\ofxIO-master\libs\lz4\src</Filter>
    </ClCompile>
    <ClCompile Include="..\..\..\addons\ofxIO-master\libs\ofxIO\src\BackoffStrategy.cpp">
      <Filter>addons\ofxIO-master\libs\ofxIO\src</Filter>
    </ClCompile>
    <ClCompile Include="..\..\..\addons\ofxIO-master\libs\ofxIO\src\Base64Encoding.cpp">
      <Filter>addons\ofxIO-master\libs\ofxIO\src</Filter>
    </ClCompile>
    <ClCompile Include="..\..\..\addons\ofxIO-master\libs\ofxIO\src\ByteBuffer.cpp">
      <Filter>addons\ofxIO-master\libs\ofxIO\src</Filter>
    </ClCompile>
    <ClCompile Include="..\..\..\addons\ofxIO-master\libs\ofxIO\src\ByteBufferReader.cpp">
      <Filter>addons\ofxIO-master\libs\ofxIO\src</Filter>
    </ClCompile>
    <ClCompile Include="..\..\..\addons\ofxIO-master\libs\ofxIO\src\ByteBufferStream.cpp">
      <Filter>addons\ofxIO-master\libs\ofxIO\src</Filter>
    </ClCompile>
    <ClCompile Include="..\..\..\addons\ofxIO-master\libs\ofxIO\src\ByteBufferUtils.cpp">
      <Filter>addons\ofxIO-master\libs\ofxIO\src</Filter>
    </ClCompile>
    <ClCompile Include="..\..\..\addons\ofxIO-master\libs\ofxIO\src\ByteBufferWriter.cpp">
      <Filter>addons\ofxIO-master\libs\ofxIO\src</Filter>
    </ClCompile>
    <ClCompile Include="..\..\..\addons\ofxIO-master\libs\ofxIO\src\COBSEncoding.cpp">
      <Filter>addons\ofxIO-master\libs\ofxIO\src</Filter>
    </ClCompile>
    <ClCompile Include="..\..\..\addons\ofxIO-master\libs\ofxIO\src\Compression.cpp">
      <Filter>addons\ofxIO-master\libs\ofxIO\src</Filter>
    </ClCompile>
    <ClCompile Include="..\..\..\addons\ofxIO-master\libs\ofxIO\src\DeviceFilter.cpp">
      <Filter>addons\ofxIO-master\libs\ofxIO\src</Filter>
    </ClCompile>
    <ClCompile Include="..\..\..\addons\ofxIO-master\libs\ofxIO\src\DirectoryFilter.cpp">
      <Filter>addons\ofxIO-master\libs\ofxIO\src</Filter>
    </ClCompile>
    <ClCompile Include="..\..\..\addons\ofxIO-master\libs\ofxIO\src\DirectoryUtils.cpp">
      <Filter>addons\ofxIO-master\libs\ofxIO\src</Filter>
    </ClCompile>
    <ClCompile Include="..\..\..\addons\ofxIO-master\libs\ofxIO\src\DirectoryWatcher.cpp">
      <Filter>addons\ofxIO-master\libs\ofxIO\src</Filter>
    </ClCompile>
    <ClCompile Include="..\..\..\addons\ofxIO-master\libs\ofxIO\src\DirectoryWatcherManager.cpp">
      <Filter>addons\ofxIO-master\libs\ofxIO\src</Filter>
    </ClCompile>
    <ClCompile Include="..\..\..\addons\ofxIO-master\libs\ofxIO\src\FileExtensionFilter.cpp">
      <Filter>addons\ofxIO-master\libs\ofxIO\src</Filter>
    </ClCompile>
    <ClCompile Include="..\..\..\addons\ofxIO-master\libs\ofxIO\src\FilteredStreams.cpp">
      <Filter>addons\ofxIO-master\libs\ofxIO\src</Filter>
    </ClCompile>
    <ClCompile Include="..\..\..\addons\ofxIO-master\libs\ofxIO\src\Hash.cpp">
      <Filter>addons\ofxIO-master\libs\ofxIO\src</Filter>
    </ClCompile>
    <ClCompile Include="..\..\..\addons\ofxIO-master\libs\ofxIO\src\HexBinaryEncoding.cpp">
      <Filter>addons\ofxIO-master\libs\ofxIO\src</Filter>
    </ClCompile>
    <ClCompile Include="..\..\..\addons\ofxIO-master\libs\ofxIO\src\HiddenFileFilter.cpp">
      <Filter>addons\ofxIO-master\libs\ofxIO\src</Filter>
    </ClCompile>
    <ClCompile Include="..\..\..\addons\ofxIO-master\libs\ofxIO\src\ImageUtils.cpp">
      <Filter>addons\ofxIO-master\libs\ofxIO\src</Filter>
    </ClCompile>
    <ClCompile Include="..\..\..\addons\ofxIO-master\libs\ofxIO\src\JSONUtils.cpp">
      <Filter>addons\ofxIO-master\libs\ofxIO\src</Filter>
    </ClCompile>
    <ClCompile Include="..\..\..\addons\ofxIO-master\libs\ofxIO\src\LinkFilter.cpp">
      <Filter>addons\ofxIO-master\libs\ofxIO\src</Filter>
    </ClCompile>
    <ClCompile Include="..\..\..\addons\ofxIO-master\libs\ofxIO\src\PathFilterCollection.cpp">
      <Filter>addons\ofxIO-master\libs\ofxIO\src</Filter>
    </ClCompile>
    <ClCompile Include="..\..\..\addons\ofxIO-master\libs\ofxIO\src\PollingThread.cpp">
      <Filter>addons\ofxIO-master\libs\ofxIO\src</Filter>
    </ClCompile>
    <ClCompile Include="..\..\..\addons\ofxIO-master\libs\ofxIO\src\RecursiveDirectoryIterator.cpp">
      <Filter>addons\ofxIO-master\libs\ofxIO\src</Filter>
    </ClCompile>
    <ClCompile Include="..\..\..\addons\ofxIO-master\libs\ofxIO\src\RecursiveDirectoryIteratorStategies.cpp">
      <Filter>addons\ofxIO-master\libs\ofxIO\src</Filter>
    </ClCompile>
    <ClCompile Include="..\..\..\addons\ofxIO-master\libs\ofxIO\src\RegexPathFilter.cpp">
      <Filter>addons\ofxIO-master\libs\ofxIO\src</Filter>
    </ClCompile>
    <ClCompile Include="..\..\..\addons\ofxIO-master\libs\ofxIO\src\SearchPath.cpp">
      <Filter>addons\ofxIO-master\libs\ofxIO\src</Filter>
    </ClCompile>
    <ClCompile Include="..\..\..\addons\ofxIO-master\libs\ofxIO\src\SLIPEncoding.cpp">
      <Filter>addons\ofxIO-master\libs\ofxIO\src</Filter>
    </ClCompile>
    <ClCompile Include="..\..\..\addons\ofxIO-master\libs\ofxIO\src\StreamFilters.cpp">
      <Filter>addons\ofxIO-master\libs\ofxIO\src</Filter>
    </ClCompile>
    <ClCompile Include="..\..\..\addons\ofxIO-master\libs\ofxIO\src\Thread.cpp">
      <Filter>addons\ofxIO-master\libs\ofxIO\src</Filter>
    </ClCompile>
    <ClCompile Include="..\..\..\addons\ofxIO-master\libs\ofxIO\src\ThreadsafeLoggerChannel.cpp">
      <Filter>addons\ofxIO-master\libs\ofxIO\src</Filter>
    </ClCompile>
    <ClCompile Include="..\..\..\addons\ofxIO-master\libs\ofxIO\src\URIEncoding.cpp">
      <Filter>addons\ofxIO-master\libs\ofxIO\src</Filter>
    </ClCompile>
    <ClCompile Include="..\..\..\addons\ofxIO-master\libs\snappy\src\snappy-c.cc">
      <Filter>addons\ofxIO-master\libs\snappy\src</Filter>
    </ClCompile>
    <ClCompile Include="..\..\..\addons\ofxIO-master\libs\snappy\src\snappy-sinksource.cc">
      <Filter>addons\ofxIO-master\libs\snappy\src</Filter>
    </ClCompile>
    <ClCompile Include="..\..\..\addons\ofxIO-master\libs\snappy\src\snappy-stubs-internal.cc">
      <Filter>addons\ofxIO-master\libs\snappy\src</Filter>
    </ClCompile>
    <ClCompile Include="..\..\..\addons\ofxIO-master\libs\snappy\src\snappy.cc">
      <Filter>addons\ofxIO-master\libs\snappy\src</Filter>
    </ClCompile>
  </ItemGroup>
  <ItemGroup>
    <Filter Include="src">
      <UniqueIdentifier>{d8376475-7454-4a24-b08a-aac121d3ad6f}</UniqueIdentifier>
    </Filter>
    <Filter Include="src\config">
      <UniqueIdentifier>{609a5019-8c92-4728-a88b-43101769f34c}</UniqueIdentifier>
    </Filter>
    <Filter Include="src\tracker">
      <UniqueIdentifier>{d27a5365-cd4e-484c-952c-aa527611ed2f}</UniqueIdentifier>
    </Filter>
    <Filter Include="addons">
      <UniqueIdentifier>{98830103-1a80-4a82-8ed1-70dbeb850358}</UniqueIdentifier>
    </Filter>
    <Filter Include="addons\ofxDatGui">
      <UniqueIdentifier>{aef54174-866c-4175-8953-b795906c31d3}</UniqueIdentifier>
    </Filter>
    <Filter Include="addons\ofxDatGui\src">
      <UniqueIdentifier>{080e47c3-922b-4df3-a82f-2e48d48d84cb}</UniqueIdentifier>
    </Filter>
    <Filter Include="addons\ofxDatGui\src\components">
      <UniqueIdentifier>{17c8d723-6cb1-4b1d-8c03-f280c3decd56}</UniqueIdentifier>
    </Filter>
    <Filter Include="addons\ofxDatGui\src\core">
      <UniqueIdentifier>{67838a56-3e65-424d-ac84-0b68eeb3e472}</UniqueIdentifier>
    </Filter>
    <Filter Include="addons\ofxDatGui\src\libs">
      <UniqueIdentifier>{ec11b762-376c-4afe-a0c4-8c9d51461205}</UniqueIdentifier>
    </Filter>
    <Filter Include="addons\ofxDatGui\src\libs\ofxSmartFont">
      <UniqueIdentifier>{53cd3dea-1089-4472-885d-da964bbb9bf3}</UniqueIdentifier>
    </Filter>
    <Filter Include="addons\ofxDatGui\src\themes">
      <UniqueIdentifier>{ff0391a3-73dc-47e1-91d3-2dab52a97ea4}</UniqueIdentifier>
    </Filter>
    <Filter Include="src\ui">
      <UniqueIdentifier>{34ca6391-ba3d-4a2b-9eda-c89cbe58bd13}</UniqueIdentifier>
    </Filter>
    <Filter Include="src\ui\screens">
      <UniqueIdentifier>{f15650be-88eb-4de6-9f17-98ba5ce7cae4}</UniqueIdentifier>
    </Filter>
    <Filter Include="src\person">
      <UniqueIdentifier>{5984e83c-5d0e-4f1a-952c-295a5759604a}</UniqueIdentifier>
    </Filter>
    <Filter Include="src\facedetector">
      <UniqueIdentifier>{9131791c-3bdb-4ddb-87c0-1eb5f34e0cc1}</UniqueIdentifier>
    </Filter>
    <Filter Include="src\facedetector\faceplusplus">
      <UniqueIdentifier>{0abb525e-111e-41a4-aab0-c2449f12b410}</UniqueIdentifier>
    </Filter>
    <Filter Include="addons\ofxJSON">
      <UniqueIdentifier>{59bf7229-6da5-46db-926e-f9aadad67f3f}</UniqueIdentifier>
    </Filter>
    <Filter Include="addons\ofxJSON\src">
      <UniqueIdentifier>{68b89de3-ba67-4b79-9b52-b361fc2d19c2}</UniqueIdentifier>
    </Filter>
    <Filter Include="addons\ofxJSON\libs">
      <UniqueIdentifier>{dd4e60d6-1b4b-42a7-9caf-acc1ef257d02}</UniqueIdentifier>
    </Filter>
    <Filter Include="addons\ofxJSON\libs\jsoncpp">
      <UniqueIdentifier>{fafb5205-f4c9-4249-93ed-e6984efb96a1}</UniqueIdentifier>
    </Filter>
    <Filter Include="addons\ofxJSON\libs\jsoncpp\include">
      <UniqueIdentifier>{47076737-9666-466d-b19c-f0274b06e407}</UniqueIdentifier>
    </Filter>
    <Filter Include="addons\ofxJSON\libs\jsoncpp\include\json">
      <UniqueIdentifier>{47f6393c-eb6f-44eb-a3e8-d07216861fe9}</UniqueIdentifier>
    </Filter>
    <Filter Include="addons\ofxJSON\libs\jsoncpp\src">
      <UniqueIdentifier>{e930dc29-23d5-4443-bb2b-a2b5333985d5}</UniqueIdentifier>
    </Filter>
    <Filter Include="src\tools">
      <UniqueIdentifier>{8cab577f-b683-4c76-a9c2-d8891bebfdd4}</UniqueIdentifier>
    </Filter>
    <Filter Include="src\tools\http">
      <UniqueIdentifier>{f321bc62-7229-47f3-afb4-828bf3cb5440}</UniqueIdentifier>
    </Filter>
    <Filter Include="src\facedetector\faceplusplus\json">
      <UniqueIdentifier>{0f8519cc-d523-4526-a8b4-49848ac4c903}</UniqueIdentifier>
    </Filter>
    <Filter Include="src\family">
      <UniqueIdentifier>{ca67c2ce-cba9-4af6-a561-92a665d0f74a}</UniqueIdentifier>
    </Filter>
    <Filter Include="src\family\json">
      <UniqueIdentifier>{6bc7ad09-dbf5-420a-bef4-22a5858201e2}</UniqueIdentifier>
    </Filter>
    <Filter Include="src\facedetector\controller">
      <UniqueIdentifier>{f8938a76-43cf-46e3-8782-5976cbec49d8}</UniqueIdentifier>
    </Filter>
    <Filter Include="src\facedetector\abstract">
      <UniqueIdentifier>{8223e624-242b-4546-8f78-ad45e029f884}</UniqueIdentifier>
    </Filter>
    <Filter Include="src\debugUI">
      <UniqueIdentifier>{9118a783-e22e-49c8-ad09-716d1612a544}</UniqueIdentifier>
    </Filter>
    <Filter Include="addons\ofxKinectForWindows2">
      <UniqueIdentifier>{342a3f04-9f1a-46da-9002-ca0593fcb6de}</UniqueIdentifier>
    </Filter>
    <Filter Include="addons\ofxKinectForWindows2\src">
      <UniqueIdentifier>{b8e646ea-7d28-4a08-95d2-19b92473dae8}</UniqueIdentifier>
    </Filter>
    <Filter Include="addons\ofxKinectForWindows2\src\ofxKinectForWindows2">
      <UniqueIdentifier>{993b47f6-85a1-45c1-b9f4-82115d63bccd}</UniqueIdentifier>
    </Filter>
    <Filter Include="addons\ofxKinectForWindows2\src\ofxKinectForWindows2\Data">
      <UniqueIdentifier>{3b0937a3-32be-4fd1-b6c1-cdc38c706c54}</UniqueIdentifier>
    </Filter>
    <Filter Include="addons\ofxKinectForWindows2\src\ofxKinectForWindows2\Source">
      <UniqueIdentifier>{0466d3a9-d90a-4322-adfb-9b5e08891af7}</UniqueIdentifier>
    </Filter>
    <Filter Include="addons\ofxIO-master">
      <UniqueIdentifier>{5e02b903-14ff-40e0-8ffb-9eba6cd2996e}</UniqueIdentifier>
    </Filter>
    <Filter Include="addons\ofxIO-master\src">
      <UniqueIdentifier>{cfb1269b-2cb8-4dd6-a2c7-1366456feb2c}</UniqueIdentifier>
    </Filter>
    <Filter Include="addons\ofxIO-master\libs">
      <UniqueIdentifier>{0db9b20b-ba9b-4177-bb8f-6f4bea2fba9c}</UniqueIdentifier>
    </Filter>
    <Filter Include="addons\ofxIO-master\libs\alphanum">
      <UniqueIdentifier>{15306bba-48d2-4780-86bd-4f9ccccf2885}</UniqueIdentifier>
    </Filter>
    <Filter Include="addons\ofxIO-master\libs\alphanum\include">
      <UniqueIdentifier>{855c212b-911b-4bed-bf96-930038675173}</UniqueIdentifier>
    </Filter>
    <Filter Include="addons\ofxIO-master\libs\brotli">
      <UniqueIdentifier>{2c4b3ce1-70ce-409e-aba8-92e1dbd8e7a1}</UniqueIdentifier>
    </Filter>
    <Filter Include="addons\ofxIO-master\libs\brotli\src">
      <UniqueIdentifier>{d27f8453-6aee-4ae4-b458-bcd753fbbcf8}</UniqueIdentifier>
    </Filter>
    <Filter Include="addons\ofxIO-master\libs\brotli\src\common">
      <UniqueIdentifier>{76378d88-b2a6-485e-b8fd-3b9f798f7087}</UniqueIdentifier>
    </Filter>
    <Filter Include="addons\ofxIO-master\libs\brotli\src\dec">
      <UniqueIdentifier>{0cf7925b-61c5-48c2-81b2-bb8aa809e43b}</UniqueIdentifier>
    </Filter>
    <Filter Include="addons\ofxIO-master\libs\brotli\src\enc">
      <UniqueIdentifier>{f6a9d5b4-cbbf-4971-af10-83dd826de0d4}</UniqueIdentifier>
    </Filter>
    <Filter Include="addons\ofxIO-master\libs\brotli\src\tools">
      <UniqueIdentifier>{205f6f39-3311-4956-96ac-64568980e958}</UniqueIdentifier>
    </Filter>
    <Filter Include="addons\ofxIO-master\libs\lz4">
      <UniqueIdentifier>{bc8dbe19-f494-4827-87bc-e155ee2de071}</UniqueIdentifier>
    </Filter>
    <Filter Include="addons\ofxIO-master\libs\lz4\src">
      <UniqueIdentifier>{4007bcbc-a4d5-488c-b23c-35a3f17e6d16}</UniqueIdentifier>
    </Filter>
    <Filter Include="addons\ofxIO-master\libs\ofxIO">
      <UniqueIdentifier>{500582e5-b90c-413c-af8d-632b7a64f6e3}</UniqueIdentifier>
    </Filter>
    <Filter Include="addons\ofxIO-master\libs\ofxIO\include">
      <UniqueIdentifier>{ecd6f448-b87f-4217-b6e2-2f890705f7d5}</UniqueIdentifier>
    </Filter>
    <Filter Include="addons\ofxIO-master\libs\ofxIO\include\ofx">
      <UniqueIdentifier>{8889df2a-4008-41a5-8157-904a57656be4}</UniqueIdentifier>
    </Filter>
    <Filter Include="addons\ofxIO-master\libs\ofxIO\include\ofx\IO">
      <UniqueIdentifier>{017b3cad-9a3a-46e0-b451-55ac9dd79c07}</UniqueIdentifier>
    </Filter>
    <Filter Include="addons\ofxIO-master\libs\ofxIO\src">
      <UniqueIdentifier>{428da79c-f813-4498-a37f-a16802d22c9b}</UniqueIdentifier>
    </Filter>
    <Filter Include="addons\ofxIO-master\libs\snappy">
      <UniqueIdentifier>{4c3d8823-5f29-4a28-911e-dd01d881c8a4}</UniqueIdentifier>
    </Filter>
    <Filter Include="addons\ofxIO-master\libs\snappy\src">
      <UniqueIdentifier>{43718650-74f3-4ff5-b5e8-a438e3d7b210}</UniqueIdentifier>
    </Filter>
  </ItemGroup>
  <ItemGroup>
    <ClInclude Include="src\ofApp.h">
      <Filter>src</Filter>
    </ClInclude>
    <ClInclude Include="src\config\Config.h">
      <Filter>src\config</Filter>
    </ClInclude>
    <ClInclude Include="src\tracker\KinectTracker.h">
      <Filter>src\tracker</Filter>
    </ClInclude>
    <ClInclude Include="src\tracker\Tracker.h">
      <Filter>src\tracker</Filter>
    </ClInclude>
    <ClInclude Include="..\..\..\addons\ofxDatGui\src\ofxDatGui.h">
      <Filter>addons\ofxDatGui\src</Filter>
    </ClInclude>
    <ClInclude Include="..\..\..\addons\ofxDatGui\src\components\ofxDatGui2dPad.h">
      <Filter>addons\ofxDatGui\src\components</Filter>
    </ClInclude>
    <ClInclude Include="..\..\..\addons\ofxDatGui\src\components\ofxDatGuiButton.h">
      <Filter>addons\ofxDatGui\src\components</Filter>
    </ClInclude>
    <ClInclude Include="..\..\..\addons\ofxDatGui\src\components\ofxDatGuiColorPicker.h">
      <Filter>addons\ofxDatGui\src\components</Filter>
    </ClInclude>
    <ClInclude Include="..\..\..\addons\ofxDatGui\src\components\ofxDatGuiControls.h">
      <Filter>addons\ofxDatGui\src\components</Filter>
    </ClInclude>
    <ClInclude Include="..\..\..\addons\ofxDatGui\src\components\ofxDatGuiFRM.h">
      <Filter>addons\ofxDatGui\src\components</Filter>
    </ClInclude>
    <ClInclude Include="..\..\..\addons\ofxDatGui\src\components\ofxDatGuiGroups.h">
      <Filter>addons\ofxDatGui\src\components</Filter>
    </ClInclude>
    <ClInclude Include="..\..\..\addons\ofxDatGui\src\components\ofxDatGuiLabel.h">
      <Filter>addons\ofxDatGui\src\components</Filter>
    </ClInclude>
    <ClInclude Include="..\..\..\addons\ofxDatGui\src\components\ofxDatGuiMatrix.h">
      <Filter>addons\ofxDatGui\src\components</Filter>
    </ClInclude>
    <ClInclude Include="..\..\..\addons\ofxDatGui\src\components\ofxDatGuiScrollView.h">
      <Filter>addons\ofxDatGui\src\components</Filter>
    </ClInclude>
    <ClInclude Include="..\..\..\addons\ofxDatGui\src\components\ofxDatGuiSlider.h">
      <Filter>addons\ofxDatGui\src\components</Filter>
    </ClInclude>
    <ClInclude Include="..\..\..\addons\ofxDatGui\src\components\ofxDatGuiTextInput.h">
      <Filter>addons\ofxDatGui\src\components</Filter>
    </ClInclude>
    <ClInclude Include="..\..\..\addons\ofxDatGui\src\components\ofxDatGuiTextInputField.h">
      <Filter>addons\ofxDatGui\src\components</Filter>
    </ClInclude>
    <ClInclude Include="..\..\..\addons\ofxDatGui\src\components\ofxDatGuiTimeGraph.h">
      <Filter>addons\ofxDatGui\src\components</Filter>
    </ClInclude>
    <ClInclude Include="..\..\..\addons\ofxDatGui\src\core\ofxDatGuiComponent.h">
      <Filter>addons\ofxDatGui\src\core</Filter>
    </ClInclude>
    <ClInclude Include="..\..\..\addons\ofxDatGui\src\core\ofxDatGuiConstants.h">
      <Filter>addons\ofxDatGui\src\core</Filter>
    </ClInclude>
    <ClInclude Include="..\..\..\addons\ofxDatGui\src\core\ofxDatGuiEvents.h">
      <Filter>addons\ofxDatGui\src\core</Filter>
    </ClInclude>
    <ClInclude Include="..\..\..\addons\ofxDatGui\src\core\ofxDatGuiIntObject.h">
      <Filter>addons\ofxDatGui\src\core</Filter>
    </ClInclude>
    <ClInclude Include="..\..\..\addons\ofxDatGui\src\libs\ofxSmartFont\ofxSmartFont.h">
      <Filter>addons\ofxDatGui\src\libs\ofxSmartFont</Filter>
    </ClInclude>
    <ClInclude Include="..\..\..\addons\ofxDatGui\src\themes\ofxDatGuiTheme.h">
      <Filter>addons\ofxDatGui\src\themes</Filter>
    </ClInclude>
    <ClInclude Include="..\..\..\addons\ofxDatGui\src\themes\ofxDatGuiThemes.h">
      <Filter>addons\ofxDatGui\src\themes</Filter>
    </ClInclude>
    <ClInclude Include="src\ui\screens\BaseScreen.h">
      <Filter>src\ui\screens</Filter>
    </ClInclude>
    <ClInclude Include="src\ui\screens\WaitScreen.h">
      <Filter>src\ui\screens</Filter>
    </ClInclude>
    <ClInclude Include="src\person\Person.h">
      <Filter>src\person</Filter>
    </ClInclude>
    <ClInclude Include="src\facedetector\faceplusplus\FacePlusPlusTypes.h">
      <Filter>src\facedetector\faceplusplus</Filter>
    </ClInclude>
    <ClInclude Include="..\..\..\addons\ofxJSON\src\ofxJSON.h">
      <Filter>addons\ofxJSON\src</Filter>
    </ClInclude>
    <ClInclude Include="..\..\..\addons\ofxJSON\src\ofxJSONElement.h">
      <Filter>addons\ofxJSON\src</Filter>
    </ClInclude>
    <ClInclude Include="..\..\..\addons\ofxJSON\libs\jsoncpp\include\json\json-forwards.h">
      <Filter>addons\ofxJSON\libs\jsoncpp\include\json</Filter>
    </ClInclude>
    <ClInclude Include="..\..\..\addons\ofxJSON\libs\jsoncpp\include\json\json.h">
      <Filter>addons\ofxJSON\libs\jsoncpp\include\json</Filter>
    </ClInclude>
    <ClInclude Include="src\tools\http\ofxHttpTypes.h">
      <Filter>src\tools\http</Filter>
    </ClInclude>
    <ClInclude Include="src\tools\http\ofxHttpUtils.h">
      <Filter>src\tools\http</Filter>
    </ClInclude>
    <ClInclude Include="src\family\json\JsonFamilyParser.h">
      <Filter>src\family\json</Filter>
    </ClInclude>
    <ClInclude Include="src\facedetector\abstract\FaceDetector.h">
      <Filter>src\facedetector\abstract</Filter>
    </ClInclude>
    <ClInclude Include="src\facedetector\faceplusplus\FacePlusPlusDetector.h">
      <Filter>src\facedetector\faceplusplus</Filter>
    </ClInclude>
    <ClInclude Include="src\facedetector\faceplusplus\json\JsonParserFaceplusPlus.h">
      <Filter>src\facedetector\faceplusplus\json</Filter>
    </ClInclude>
    <ClInclude Include="src\facedetector\controller\FaceController.h">
      <Filter>src\facedetector\controller</Filter>
    </ClInclude>
    <ClInclude Include="src\tools\http\HttpService.h">
      <Filter>src\tools\http</Filter>
    </ClInclude>
    <ClInclude Include="src\family\FamilyBaseController.h">
      <Filter>src\family</Filter>
    </ClInclude>
    <ClInclude Include="src\family\FamilyBaseRequestHandler.h">
      <Filter>src\family</Filter>
    </ClInclude>
    <ClInclude Include="src\facedetector\faceplusplus\FacePlusPlusSearcher.h">
      <Filter>src\facedetector\faceplusplus</Filter>
    </ClInclude>
    <ClInclude Include="src\facedetector\abstract\FaceSearcher.h">
      <Filter>src\facedetector\abstract</Filter>
    </ClInclude>
    <ClInclude Include="src\ui\ScreenController.h">
      <Filter>src\ui</Filter>
    </ClInclude>
    <ClInclude Include="src\debugUI\TestFacePlusPlusInterfaceLayout.h">
      <Filter>src\debugUI</Filter>
    </ClInclude>
    <ClInclude Include="src\debugUI\TestInterfaceLayout.h">
      <Filter>src\debugUI</Filter>
    </ClInclude>
    <ClInclude Include="src\debugUI\TestKinectInterfaceLayout.h">
      <Filter>src\debugUI</Filter>
    </ClInclude>
    <ClInclude Include="src\debugUI\TestMainUIInterfaceLayout.h">
      <Filter>src\debugUI</Filter>
    </ClInclude>
    <ClInclude Include="..\..\..\addons\ofxKinectForWindows2\src\ofxKinectForWindows2.h">
      <Filter>addons\ofxKinectForWindows2\src</Filter>
    </ClInclude>
    <ClInclude Include="..\..\..\addons\ofxKinectForWindows2\src\ofxKinectForWindows2\Device.h">
      <Filter>addons\ofxKinectForWindows2\src\ofxKinectForWindows2</Filter>
    </ClInclude>
    <ClInclude Include="..\..\..\addons\ofxKinectForWindows2\src\ofxKinectForWindows2\Utils.h">
      <Filter>addons\ofxKinectForWindows2\src\ofxKinectForWindows2</Filter>
    </ClInclude>
    <ClInclude Include="..\..\..\addons\ofxKinectForWindows2\src\ofxKinectForWindows2\Data\Body.h">
      <Filter>addons\ofxKinectForWindows2\src\ofxKinectForWindows2\Data</Filter>
    </ClInclude>
    <ClInclude Include="..\..\..\addons\ofxKinectForWindows2\src\ofxKinectForWindows2\Data\Joint.h">
      <Filter>addons\ofxKinectForWindows2\src\ofxKinectForWindows2\Data</Filter>
    </ClInclude>
    <ClInclude Include="..\..\..\addons\ofxKinectForWindows2\src\ofxKinectForWindows2\Source\Base.h">
      <Filter>addons\ofxKinectForWindows2\src\ofxKinectForWindows2\Source</Filter>
    </ClInclude>
    <ClInclude Include="..\..\..\addons\ofxKinectForWindows2\src\ofxKinectForWindows2\Source\BaseImage.h">
      <Filter>addons\ofxKinectForWindows2\src\ofxKinectForWindows2\Source</Filter>
    </ClInclude>
    <ClInclude Include="..\..\..\addons\ofxKinectForWindows2\src\ofxKinectForWindows2\Source\Body.h">
      <Filter>addons\ofxKinectForWindows2\src\ofxKinectForWindows2\Source</Filter>
    </ClInclude>
    <ClInclude Include="..\..\..\addons\ofxKinectForWindows2\src\ofxKinectForWindows2\Source\BodyIndex.h">
      <Filter>addons\ofxKinectForWindows2\src\ofxKinectForWindows2\Source</Filter>
    </ClInclude>
    <ClInclude Include="..\..\..\addons\ofxKinectForWindows2\src\ofxKinectForWindows2\Source\Color.h">
      <Filter>addons\ofxKinectForWindows2\src\ofxKinectForWindows2\Source</Filter>
    </ClInclude>
    <ClInclude Include="..\..\..\addons\ofxKinectForWindows2\src\ofxKinectForWindows2\Source\Depth.h">
      <Filter>addons\ofxKinectForWindows2\src\ofxKinectForWindows2\Source</Filter>
    </ClInclude>
    <ClInclude Include="..\..\..\addons\ofxKinectForWindows2\src\ofxKinectForWindows2\Source\Infrared.h">
      <Filter>addons\ofxKinectForWindows2\src\ofxKinectForWindows2\Source</Filter>
    </ClInclude>
    <ClInclude Include="..\..\..\addons\ofxKinectForWindows2\src\ofxKinectForWindows2\Source\LongExposureInfrared.h">
      <Filter>addons\ofxKinectForWindows2\src\ofxKinectForWindows2\Source</Filter>
    </ClInclude>
    <ClInclude Include="..\..\..\addons\ofxIO-master\src\ofxIO.h">
      <Filter>addons\ofxIO-master\src</Filter>
    </ClInclude>
    <ClInclude Include="..\..\..\addons\ofxIO-master\libs\alphanum\include\alphanum.hpp">
      <Filter>addons\ofxIO-master\libs\alphanum\include</Filter>
    </ClInclude>
    <ClInclude Include="..\..\..\addons\ofxIO-master\libs\brotli\src\common\constants.h">
      <Filter>addons\ofxIO-master\libs\brotli\src\common</Filter>
    </ClInclude>
    <ClInclude Include="..\..\..\addons\ofxIO-master\libs\brotli\src\common\dictionary.h">
      <Filter>addons\ofxIO-master\libs\brotli\src\common</Filter>
    </ClInclude>
    <ClInclude Include="..\..\..\addons\ofxIO-master\libs\brotli\src\common\port.h">
      <Filter>addons\ofxIO-master\libs\brotli\src\common</Filter>
    </ClInclude>
    <ClInclude Include="..\..\..\addons\ofxIO-master\libs\brotli\src\common\types.h">
      <Filter>addons\ofxIO-master\libs\brotli\src\common</Filter>
    </ClInclude>
    <ClInclude Include="..\..\..\addons\ofxIO-master\libs\brotli\src\dec\bit_reader.h">
      <Filter>addons\ofxIO-master\libs\brotli\src\dec</Filter>
    </ClInclude>
    <ClInclude Include="..\..\..\addons\ofxIO-master\libs\brotli\src\dec\context.h">
      <Filter>addons\ofxIO-master\libs\brotli\src\dec</Filter>
    </ClInclude>
    <ClInclude Include="..\..\..\addons\ofxIO-master\libs\brotli\src\dec\decode.h">
      <Filter>addons\ofxIO-master\libs\brotli\src\dec</Filter>
    </ClInclude>
    <ClInclude Include="..\..\..\addons\ofxIO-master\libs\brotli\src\dec\huffman.h">
      <Filter>addons\ofxIO-master\libs\brotli\src\dec</Filter>
    </ClInclude>
    <ClInclude Include="..\..\..\addons\ofxIO-master\libs\brotli\src\dec\port.h">
      <Filter>addons\ofxIO-master\libs\brotli\src\dec</Filter>
    </ClInclude>
    <ClInclude Include="..\..\..\addons\ofxIO-master\libs\brotli\src\dec\prefix.h">
      <Filter>addons\ofxIO-master\libs\brotli\src\dec</Filter>
    </ClInclude>
    <ClInclude Include="..\..\..\addons\ofxIO-master\libs\brotli\src\dec\state.h">
      <Filter>addons\ofxIO-master\libs\brotli\src\dec</Filter>
    </ClInclude>
    <ClInclude Include="..\..\..\addons\ofxIO-master\libs\brotli\src\dec\transform.h">
      <Filter>addons\ofxIO-master\libs\brotli\src\dec</Filter>
    </ClInclude>
    <ClInclude Include="..\..\..\addons\ofxIO-master\libs\brotli\src\enc\backward_references.h">
      <Filter>addons\ofxIO-master\libs\brotli\src\enc</Filter>
    </ClInclude>
    <ClInclude Include="..\..\..\addons\ofxIO-master\libs\brotli\src\enc\backward_references_inc.h">
      <Filter>addons\ofxIO-master\libs\brotli\src\enc</Filter>
    </ClInclude>
    <ClInclude Include="..\..\..\addons\ofxIO-master\libs\brotli\src\enc\bit_cost.h">
      <Filter>addons\ofxIO-master\libs\brotli\src\enc</Filter>
    </ClInclude>
    <ClInclude Include="..\..\..\addons\ofxIO-master\libs\brotli\src\enc\bit_cost_inc.h">
      <Filter>addons\ofxIO-master\libs\brotli\src\enc</Filter>
    </ClInclude>
    <ClInclude Include="..\..\..\addons\ofxIO-master\libs\brotli\src\enc\block_encoder_inc.h">
      <Filter>addons\ofxIO-master\libs\brotli\src\enc</Filter>
    </ClInclude>
    <ClInclude Include="..\..\..\addons\ofxIO-master\libs\brotli\src\enc\block_splitter.h">
      <Filter>addons\ofxIO-master\libs\brotli\src\enc</Filter>
    </ClInclude>
    <ClInclude Include="..\..\..\addons\ofxIO-master\libs\brotli\src\enc\block_splitter_inc.h">
      <Filter>addons\ofxIO-master\libs\brotli\src\enc</Filter>
    </ClInclude>
    <ClInclude Include="..\..\..\addons\ofxIO-master\libs\brotli\src\enc\brotli_bit_stream.h">
      <Filter>addons\ofxIO-master\libs\brotli\src\enc</Filter>
    </ClInclude>
    <ClInclude Include="..\..\..\addons\ofxIO-master\libs\brotli\src\enc\cluster.h">
      <Filter>addons\ofxIO-master\libs\brotli\src\enc</Filter>
    </ClInclude>
    <ClInclude Include="..\..\..\addons\ofxIO-master\libs\brotli\src\enc\cluster_inc.h">
      <Filter>addons\ofxIO-master\libs\brotli\src\enc</Filter>
    </ClInclude>
    <ClInclude Include="..\..\..\addons\ofxIO-master\libs\brotli\src\enc\command.h">
      <Filter>addons\ofxIO-master\libs\brotli\src\enc</Filter>
    </ClInclude>
    <ClInclude Include="..\..\..\addons\ofxIO-master\libs\brotli\src\enc\compressor.h">
      <Filter>addons\ofxIO-master\libs\brotli\src\enc</Filter>
    </ClInclude>
    <ClInclude Include="..\..\..\addons\ofxIO-master\libs\brotli\src\enc\compress_fragment.h">
      <Filter>addons\ofxIO-master\libs\brotli\src\enc</Filter>
    </ClInclude>
    <ClInclude Include="..\..\..\addons\ofxIO-master\libs\brotli\src\enc\compress_fragment_two_pass.h">
      <Filter>addons\ofxIO-master\libs\brotli\src\enc</Filter>
    </ClInclude>
    <ClInclude Include="..\..\..\addons\ofxIO-master\libs\brotli\src\enc\context.h">
      <Filter>addons\ofxIO-master\libs\brotli\src\enc</Filter>
    </ClInclude>
    <ClInclude Include="..\..\..\addons\ofxIO-master\libs\brotli\src\enc\dictionary_hash.h">
      <Filter>addons\ofxIO-master\libs\brotli\src\enc</Filter>
    </ClInclude>
    <ClInclude Include="..\..\..\addons\ofxIO-master\libs\brotli\src\enc\encode.h">
      <Filter>addons\ofxIO-master\libs\brotli\src\enc</Filter>
    </ClInclude>
    <ClInclude Include="..\..\..\addons\ofxIO-master\libs\brotli\src\enc\encode_parallel.h">
      <Filter>addons\ofxIO-master\libs\brotli\src\enc</Filter>
    </ClInclude>
    <ClInclude Include="..\..\..\addons\ofxIO-master\libs\brotli\src\enc\entropy_encode.h">
      <Filter>addons\ofxIO-master\libs\brotli\src\enc</Filter>
    </ClInclude>
    <ClInclude Include="..\..\..\addons\ofxIO-master\libs\brotli\src\enc\entropy_encode_static.h">
      <Filter>addons\ofxIO-master\libs\brotli\src\enc</Filter>
    </ClInclude>
    <ClInclude Include="..\..\..\addons\ofxIO-master\libs\brotli\src\enc\fast_log.h">
      <Filter>addons\ofxIO-master\libs\brotli\src\enc</Filter>
    </ClInclude>
    <ClInclude Include="..\..\..\addons\ofxIO-master\libs\brotli\src\enc\find_match_length.h">
      <Filter>addons\ofxIO-master\libs\brotli\src\enc</Filter>
    </ClInclude>
    <ClInclude Include="..\..\..\addons\ofxIO-master\libs\brotli\src\enc\hash.h">
      <Filter>addons\ofxIO-master\libs\brotli\src\enc</Filter>
    </ClInclude>
    <ClInclude Include="..\..\..\addons\ofxIO-master\libs\brotli\src\enc\hash_forgetful_chain_inc.h">
      <Filter>addons\ofxIO-master\libs\brotli\src\enc</Filter>
    </ClInclude>
    <ClInclude Include="..\..\..\addons\ofxIO-master\libs\brotli\src\enc\hash_longest_match_inc.h">
      <Filter>addons\ofxIO-master\libs\brotli\src\enc</Filter>
    </ClInclude>
    <ClInclude Include="..\..\..\addons\ofxIO-master\libs\brotli\src\enc\hash_longest_match_quickly_inc.h">
      <Filter>addons\ofxIO-master\libs\brotli\src\enc</Filter>
    </ClInclude>
    <ClInclude Include="..\..\..\addons\ofxIO-master\libs\brotli\src\enc\histogram.h">
      <Filter>addons\ofxIO-master\libs\brotli\src\enc</Filter>
    </ClInclude>
    <ClInclude Include="..\..\..\addons\ofxIO-master\libs\brotli\src\enc\histogram_inc.h">
      <Filter>addons\ofxIO-master\libs\brotli\src\enc</Filter>
    </ClInclude>
    <ClInclude Include="..\..\..\addons\ofxIO-master\libs\brotli\src\enc\literal_cost.h">
      <Filter>addons\ofxIO-master\libs\brotli\src\enc</Filter>
    </ClInclude>
    <ClInclude Include="..\..\..\addons\ofxIO-master\libs\brotli\src\enc\memory.h">
      <Filter>addons\ofxIO-master\libs\brotli\src\enc</Filter>
    </ClInclude>
    <ClInclude Include="..\..\..\addons\ofxIO-master\libs\brotli\src\enc\metablock.h">
      <Filter>addons\ofxIO-master\libs\brotli\src\enc</Filter>
    </ClInclude>
    <ClInclude Include="..\..\..\addons\ofxIO-master\libs\brotli\src\enc\metablock_inc.h">
      <Filter>addons\ofxIO-master\libs\brotli\src\enc</Filter>
    </ClInclude>
    <ClInclude Include="..\..\..\addons\ofxIO-master\libs\brotli\src\enc\port.h">
      <Filter>addons\ofxIO-master\libs\brotli\src\enc</Filter>
    </ClInclude>
    <ClInclude Include="..\..\..\addons\ofxIO-master\libs\brotli\src\enc\prefix.h">
      <Filter>addons\ofxIO-master\libs\brotli\src\enc</Filter>
    </ClInclude>
    <ClInclude Include="..\..\..\addons\ofxIO-master\libs\brotli\src\enc\quality.h">
      <Filter>addons\ofxIO-master\libs\brotli\src\enc</Filter>
    </ClInclude>
    <ClInclude Include="..\..\..\addons\ofxIO-master\libs\brotli\src\enc\ringbuffer.h">
      <Filter>addons\ofxIO-master\libs\brotli\src\enc</Filter>
    </ClInclude>
    <ClInclude Include="..\..\..\addons\ofxIO-master\libs\brotli\src\enc\static_dict.h">
      <Filter>addons\ofxIO-master\libs\brotli\src\enc</Filter>
    </ClInclude>
    <ClInclude Include="..\..\..\addons\ofxIO-master\libs\brotli\src\enc\static_dict_lut.h">
      <Filter>addons\ofxIO-master\libs\brotli\src\enc</Filter>
    </ClInclude>
    <ClInclude Include="..\..\..\addons\ofxIO-master\libs\brotli\src\enc\streams.h">
      <Filter>addons\ofxIO-master\libs\brotli\src\enc</Filter>
    </ClInclude>
    <ClInclude Include="..\..\..\addons\ofxIO-master\libs\brotli\src\enc\utf8_util.h">
      <Filter>addons\ofxIO-master\libs\brotli\src\enc</Filter>
    </ClInclude>
    <ClInclude Include="..\..\..\addons\ofxIO-master\libs\brotli\src\enc\write_bits.h">
      <Filter>addons\ofxIO-master\libs\brotli\src\enc</Filter>
    </ClInclude>
    <ClInclude Include="..\..\..\addons\ofxIO-master\libs\brotli\src\tools\version.h">
      <Filter>addons\ofxIO-master\libs\brotli\src\tools</Filter>
    </ClInclude>
    <ClInclude Include="..\..\..\addons\ofxIO-master\libs\lz4\src\lz4.h">
      <Filter>addons\ofxIO-master\libs\lz4\src</Filter>
    </ClInclude>
    <ClInclude Include="..\..\..\addons\ofxIO-master\libs\ofxIO\include\ofx\AbstractCache.h">
      <Filter>addons\ofxIO-master\libs\ofxIO\include\ofx</Filter>
    </ClInclude>
    <ClInclude Include="..\..\..\addons\ofxIO-master\libs\ofxIO\include\ofx\DirectoryWatcher.h">
      <Filter>addons\ofxIO-master\libs\ofxIO\include\ofx</Filter>
    </ClInclude>
    <ClInclude Include="..\..\..\addons\ofxIO-master\libs\ofxIO\include\ofx\LRUCache.h">
      <Filter>addons\ofxIO-master\libs\ofxIO\include\ofx</Filter>
    </ClInclude>
    <ClInclude Include="..\..\..\addons\ofxIO-master\libs\ofxIO\include\ofx\LRUStrategy.h">
      <Filter>addons\ofxIO-master\libs\ofxIO\include\ofx</Filter>
    </ClInclude>
    <ClInclude Include="..\..\..\addons\ofxIO-master\libs\ofxIO\include\ofx\ObjectPool.h">
      <Filter>addons\ofxIO-master\libs\ofxIO\include\ofx</Filter>
    </ClInclude>
    <ClInclude Include="..\..\..\addons\ofxIO-master\libs\ofxIO\include\ofx\RecursiveDirectoryIterator.h">
      <Filter>addons\ofxIO-master\libs\ofxIO\include\ofx</Filter>
    </ClInclude>
    <ClInclude Include="..\..\..\addons\ofxIO-master\libs\ofxIO\include\ofx\RecursiveDirectoryIteratorImpl.h">
      <Filter>addons\ofxIO-master\libs\ofxIO\include\ofx</Filter>
    </ClInclude>
    <ClInclude Include="..\..\..\addons\ofxIO-master\libs\ofxIO\include\ofx\RecursiveDirectoryIteratorStategies.h">
      <Filter>addons\ofxIO-master\libs\ofxIO\include\ofx</Filter>
    </ClInclude>
    <ClInclude Include="..\..\..\addons\ofxIO-master\libs\ofxIO\include\ofx\IO\AbstractTypes.h">
      <Filter>addons\ofxIO-master\libs\ofxIO\include\ofx\IO</Filter>
    </ClInclude>
    <ClInclude Include="..\..\..\addons\ofxIO-master\libs\ofxIO\include\ofx\IO\BackoffStrategy.h">
      <Filter>addons\ofxIO-master\libs\ofxIO\include\ofx\IO</Filter>
    </ClInclude>
    <ClInclude Include="..\..\..\addons\ofxIO-master\libs\ofxIO\include\ofx\IO\Base64Encoding.h">
      <Filter>addons\ofxIO-master\libs\ofxIO\include\ofx\IO</Filter>
    </ClInclude>
    <ClInclude Include="..\..\..\addons\ofxIO-master\libs\ofxIO\include\ofx\IO\ByteBuffer.h">
      <Filter>addons\ofxIO-master\libs\ofxIO\include\ofx\IO</Filter>
    </ClInclude>
    <ClInclude Include="..\..\..\addons\ofxIO-master\libs\ofxIO\include\ofx\IO\ByteBufferParser.h">
      <Filter>addons\ofxIO-master\libs\ofxIO\include\ofx\IO</Filter>
    </ClInclude>
    <ClInclude Include="..\..\..\addons\ofxIO-master\libs\ofxIO\include\ofx\IO\ByteBufferReader.h">
      <Filter>addons\ofxIO-master\libs\ofxIO\include\ofx\IO</Filter>
    </ClInclude>
    <ClInclude Include="..\..\..\addons\ofxIO-master\libs\ofxIO\include\ofx\IO\ByteBufferStream.h">
      <Filter>addons\ofxIO-master\libs\ofxIO\include\ofx\IO</Filter>
    </ClInclude>
    <ClInclude Include="..\..\..\addons\ofxIO-master\libs\ofxIO\include\ofx\IO\ByteBufferUtils.h">
      <Filter>addons\ofxIO-master\libs\ofxIO\include\ofx\IO</Filter>
    </ClInclude>
    <ClInclude Include="..\..\..\addons\ofxIO-master\libs\ofxIO\include\ofx\IO\ByteBufferWriter.h">
      <Filter>addons\ofxIO-master\libs\ofxIO\include\ofx\IO</Filter>
    </ClInclude>
    <ClInclude Include="..\..\..\addons\ofxIO-master\libs\ofxIO\include\ofx\IO\COBSEncoding.h">
      <Filter>addons\ofxIO-master\libs\ofxIO\include\ofx\IO</Filter>
    </ClInclude>
    <ClInclude Include="..\..\..\addons\ofxIO-master\libs\ofxIO\include\ofx\IO\Compression.h">
      <Filter>addons\ofxIO-master\libs\ofxIO\include\ofx\IO</Filter>
    </ClInclude>
    <ClInclude Include="..\..\..\addons\ofxIO-master\libs\ofxIO\include\ofx\IO\DeviceFilter.h">
      <Filter>addons\ofxIO-master\libs\ofxIO\include\ofx\IO</Filter>
    </ClInclude>
    <ClInclude Include="..\..\..\addons\ofxIO-master\libs\ofxIO\include\ofx\IO\DirectoryFilter.h">
      <Filter>addons\ofxIO-master\libs\ofxIO\include\ofx\IO</Filter>
    </ClInclude>
    <ClInclude Include="..\..\..\addons\ofxIO-master\libs\ofxIO\include\ofx\IO\DirectoryUtils.h">
      <Filter>addons\ofxIO-master\libs\ofxIO\include\ofx\IO</Filter>
    </ClInclude>
    <ClInclude Include="..\..\..\addons\ofxIO-master\libs\ofxIO\include\ofx\IO\DirectoryWatcherManager.h">
      <Filter>addons\ofxIO-master\libs\ofxIO\include\ofx\IO</Filter>
    </ClInclude>
    <ClInclude Include="..\..\..\addons\ofxIO-master\libs\ofxIO\include\ofx\IO\FileExtensionFilter.h">
      <Filter>addons\ofxIO-master\libs\ofxIO\include\ofx\IO</Filter>
    </ClInclude>
    <ClInclude Include="..\..\..\addons\ofxIO-master\libs\ofxIO\include\ofx\IO\FilteredStreams.h">
      <Filter>addons\ofxIO-master\libs\ofxIO\include\ofx\IO</Filter>
    </ClInclude>
    <ClInclude Include="..\..\..\addons\ofxIO-master\libs\ofxIO\include\ofx\IO\Hash.h">
      <Filter>addons\ofxIO-master\libs\ofxIO\include\ofx\IO</Filter>
    </ClInclude>
    <ClInclude Include="..\..\..\addons\ofxIO-master\libs\ofxIO\include\ofx\IO\HexBinaryEncoding.h">
      <Filter>addons\ofxIO-master\libs\ofxIO\include\ofx\IO</Filter>
    </ClInclude>
    <ClInclude Include="..\..\..\addons\ofxIO-master\libs\ofxIO\include\ofx\IO\HiddenFileFilter.h">
      <Filter>addons\ofxIO-master\libs\ofxIO\include\ofx\IO</Filter>
    </ClInclude>
    <ClInclude Include="..\..\..\addons\ofxIO-master\libs\ofxIO\include\ofx\IO\ImageUtils.h">
      <Filter>addons\ofxIO-master\libs\ofxIO\include\ofx\IO</Filter>
    </ClInclude>
    <ClInclude Include="..\..\..\addons\ofxIO-master\libs\ofxIO\include\ofx\IO\JSONUtils.h">
      <Filter>addons\ofxIO-master\libs\ofxIO\include\ofx\IO</Filter>
    </ClInclude>
    <ClInclude Include="..\..\..\addons\ofxIO-master\libs\ofxIO\include\ofx\IO\LinkFilter.h">
      <Filter>addons\ofxIO-master\libs\ofxIO\include\ofx\IO</Filter>
    </ClInclude>
    <ClInclude Include="..\..\..\addons\ofxIO-master\libs\ofxIO\include\ofx\IO\ObjectPool.h">
      <Filter>addons\ofxIO-master\libs\ofxIO\include\ofx\IO</Filter>
    </ClInclude>
    <ClInclude Include="..\..\..\addons\ofxIO-master\libs\ofxIO\include\ofx\IO\PathFilterCollection.h">
      <Filter>addons\ofxIO-master\libs\ofxIO\include\ofx\IO</Filter>
    </ClInclude>
    <ClInclude Include="..\..\..\addons\ofxIO-master\libs\ofxIO\include\ofx\IO\PollingThread.h">
      <Filter>addons\ofxIO-master\libs\ofxIO\include\ofx\IO</Filter>
    </ClInclude>
    <ClInclude Include="..\..\..\addons\ofxIO-master\libs\ofxIO\include\ofx\IO\RegexPathFilter.h">
      <Filter>addons\ofxIO-master\libs\ofxIO\include\ofx\IO</Filter>
    </ClInclude>
    <ClInclude Include="..\..\..\addons\ofxIO-master\libs\ofxIO\include\ofx\IO\SearchPath.h">
      <Filter>addons\ofxIO-master\libs\ofxIO\include\ofx\IO</Filter>
    </ClInclude>
    <ClInclude Include="..\..\..\addons\ofxIO-master\libs\ofxIO\include\ofx\IO\SLIPEncoding.h">
      <Filter>addons\ofxIO-master\libs\ofxIO\include\ofx\IO</Filter>
    </ClInclude>
    <ClInclude Include="..\..\..\addons\ofxIO-master\libs\ofxIO\include\ofx\IO\StreamFilters.h">
      <Filter>addons\ofxIO-master\libs\ofxIO\include\ofx\IO</Filter>
    </ClInclude>
    <ClInclude Include="..\..\..\addons\ofxIO-master\libs\ofxIO\include\ofx\IO\Thread.h">
      <Filter>addons\ofxIO-master\libs\ofxIO\include\ofx\IO</Filter>
    </ClInclude>
    <ClInclude Include="..\..\..\addons\ofxIO-master\libs\ofxIO\include\ofx\IO\ThreadChannel.h">
      <Filter>addons\ofxIO-master\libs\ofxIO\include\ofx\IO</Filter>
    </ClInclude>
    <ClInclude Include="..\..\..\addons\ofxIO-master\libs\ofxIO\include\ofx\IO\ThreadsafeLoggerChannel.h">
      <Filter>addons\ofxIO-master\libs\ofxIO\include\ofx\IO</Filter>
    </ClInclude>
    <ClInclude Include="..\..\..\addons\ofxIO-master\libs\ofxIO\include\ofx\IO\URIEncoding.h">
      <Filter>addons\ofxIO-master\libs\ofxIO\include\ofx\IO</Filter>
    </ClInclude>
    <ClInclude Include="..\..\..\addons\ofxIO-master\libs\snappy\src\snappy-c.h">
      <Filter>addons\ofxIO-master\libs\snappy\src</Filter>
    </ClInclude>
    <ClInclude Include="..\..\..\addons\ofxIO-master\libs\snappy\src\snappy-internal.h">
      <Filter>addons\ofxIO-master\libs\snappy\src</Filter>
    </ClInclude>
    <ClInclude Include="..\..\..\addons\ofxIO-master\libs\snappy\src\snappy-sinksource.h">
      <Filter>addons\ofxIO-master\libs\snappy\src</Filter>
    </ClInclude>
    <ClInclude Include="..\..\..\addons\ofxIO-master\libs\snappy\src\snappy-stubs-internal.h">
      <Filter>addons\ofxIO-master\libs\snappy\src</Filter>
    </ClInclude>
    <ClInclude Include="..\..\..\addons\ofxIO-master\libs\snappy\src\snappy-stubs-public.h">
      <Filter>addons\ofxIO-master\libs\snappy\src</Filter>
    </ClInclude>
    <ClInclude Include="..\..\..\addons\ofxIO-master\libs\snappy\src\snappy.h">
      <Filter>addons\ofxIO-master\libs\snappy\src</Filter>
    </ClInclude>
  </ItemGroup>
  <ItemGroup>
    <ResourceCompile Include="icon.rc" />
  </ItemGroup>
</Project>